Microsoft Visual Studio Solution File, Format Version 12.00
# Visual Studio Version 17
VisualStudioVersion = 17.5.2.0
MinimumVisualStudioVersion = 10.0.40219.1
Project("{FAE04EC0-301F-11D3-BF4B-00C04F79EFBC}") = "BlogGen", "BlogGen.csproj", "{F4C41D64-0489-547B-F1E0-FECE4A7ABCD9}"
EndProject
Global
	GlobalSection(SolutionConfigurationPlatforms) = preSolution
		Debug|Any CPU = Debug|Any CPU
		Release|Any CPU = Release|Any CPU
	EndGlobalSection
	GlobalSection(ProjectConfigurationPlatforms) = postSolution
		{F4C41D64-0489-547B-F1E0-FECE4A7ABCD9}.Debug|Any CPU.ActiveCfg = Debug|Any CPU
		{F4C41D64-0489-547B-F1E0-FECE4A7ABCD9}.Debug|Any CPU.Build.0 = Debug|Any CPU
		{F4C41D64-0489-547B-F1E0-FECE4A7ABCD9}.Release|Any CPU.ActiveCfg = Release|Any CPU
		{F4C41D64-0489-547B-F1E0-FECE4A7ABCD9}.Release|Any CPU.Build.0 = Release|Any CPU
	EndGlobalSection
	GlobalSection(SolutionProperties) = preSolution
		HideSolutionNode = FALSE
	EndGlobalSection
	GlobalSection(ExtensibilityGlobals) = postSolution
		SolutionGuid = {F675D071-23E2-4B5D-BC54-54710C57C5E7}
	EndGlobalSection
EndGlobal
