Microsoft Visual Studio Solution File, Format Version 12.00
# Visual Studio Version 17
VisualStudioVersion = 17.5.2.0
MinimumVisualStudioVersion = 10.0.40219.1
Project("{FAE04EC0-301F-11D3-BF4B-00C04F79EFBC}") = "Process01", "Process01.csproj", "{2CA8E393-6BE9-33E7-FD52-6F9ABD4A1F49}"
EndProject
Global
	GlobalSection(SolutionConfigurationPlatforms) = preSolution
		Debug|Any CPU = Debug|Any CPU
		Release|Any CPU = Release|Any CPU
	EndGlobalSection
	GlobalSection(ProjectConfigurationPlatforms) = postSolution
		{2CA8E393-6BE9-33E7-FD52-6F9ABD4A1F49}.Debug|Any CPU.ActiveCfg = Debug|Any CPU
		{2CA8E393-6BE9-33E7-FD52-6F9ABD4A1F49}.Debug|Any CPU.Build.0 = Debug|Any CPU
		{2CA8E393-6BE9-33E7-FD52-6F9ABD4A1F49}.Release|Any CPU.ActiveCfg = Release|Any CPU
		{2CA8E393-6BE9-33E7-FD52-6F9ABD4A1F49}.Release|Any CPU.Build.0 = Release|Any CPU
	EndGlobalSection
	GlobalSection(SolutionProperties) = preSolution
		HideSolutionNode = FALSE
	EndGlobalSection
	GlobalSection(ExtensibilityGlobals) = postSolution
		SolutionGuid = {6A6C4B24-F9F9-4937-B01B-716C25E26ADA}
	EndGlobalSection
EndGlobal
